// !$*UTF8*$!
{
	archiveVersion = 1;
	classes = {
	};
	objectVersion = 55;
	objects = {

/* Begin PBXBuildFile section */
		08338C5F288896C00063F3EE /* AddProduct.storyboard in Resources */ = {isa = PBXBuildFile; fileRef = 08338C5E288896C00063F3EE /* AddProduct.storyboard */; };
		08338C63288896E50063F3EE /* Cellar.storyboard in Resources */ = {isa = PBXBuildFile; fileRef = 08338C61288896E50063F3EE /* Cellar.storyboard */; };
		08338C652888970E0063F3EE /* Refrigerator.storyboard in Resources */ = {isa = PBXBuildFile; fileRef = 08338C642888970E0063F3EE /* Refrigerator.storyboard */; };
		08338C6928889DB40063F3EE /* AddProductController.swift in Sources */ = {isa = PBXBuildFile; fileRef = 08338C6828889DB40063F3EE /* AddProductController.swift */; };
		086391CD28893A7A00161532 /* ExpDateView.swift in Sources */ = {isa = PBXBuildFile; fileRef = 086391CC28893A7A00161532 /* ExpDateView.swift */; };
		086391CF2889433600161532 /* AmountView.swift in Sources */ = {isa = PBXBuildFile; fileRef = 086391CE2889433600161532 /* AmountView.swift */; };
		086391D12889440600161532 /* ProductGroupView.swift in Sources */ = {isa = PBXBuildFile; fileRef = 086391D02889440600161532 /* ProductGroupView.swift */; };
		086391D42889A4EB00161532 /* Enums.swift in Sources */ = {isa = PBXBuildFile; fileRef = 086391D32889A4EB00161532 /* Enums.swift */; };
		08BA77152888954C00E62964 /* AppDelegate.swift in Sources */ = {isa = PBXBuildFile; fileRef = 08BA77142888954C00E62964 /* AppDelegate.swift */; };
		08BA77172888954C00E62964 /* SceneDelegate.swift in Sources */ = {isa = PBXBuildFile; fileRef = 08BA77162888954C00E62964 /* SceneDelegate.swift */; };
		08BA77192888954C00E62964 /* ViewController.swift in Sources */ = {isa = PBXBuildFile; fileRef = 08BA77182888954C00E62964 /* ViewController.swift */; };
		08BA771C2888954C00E62964 /* Main.storyboard in Resources */ = {isa = PBXBuildFile; fileRef = 08BA771A2888954C00E62964 /* Main.storyboard */; };
		08BA771E2888954D00E62964 /* Assets.xcassets in Resources */ = {isa = PBXBuildFile; fileRef = 08BA771D2888954D00E62964 /* Assets.xcassets */; };
		08BA77212888954D00E62964 /* LaunchScreen.storyboard in Resources */ = {isa = PBXBuildFile; fileRef = 08BA771F2888954D00E62964 /* LaunchScreen.storyboard */; };
/* End PBXBuildFile section */

/* Begin PBXFileReference section */
		08338C5E288896C00063F3EE /* AddProduct.storyboard */ = {isa = PBXFileReference; fileEncoding = 4; lastKnownFileType = file.storyboard; path = AddProduct.storyboard; sourceTree = "<group>"; };
		08338C62288896E50063F3EE /* Base */ = {isa = PBXFileReference; lastKnownFileType = file.storyboard; name = Base; path = Ambar/Controllers/Base.lproj/Cellar.storyboard; sourceTree = "<group>"; };
		08338C642888970E0063F3EE /* Refrigerator.storyboard */ = {isa = PBXFileReference; fileEncoding = 4; lastKnownFileType = file.storyboard; path = Refrigerator.storyboard; sourceTree = "<group>"; };
		08338C6828889DB40063F3EE /* AddProductController.swift */ = {isa = PBXFileReference; lastKnownFileType = sourcecode.swift; path = AddProductController.swift; sourceTree = "<group>"; };
		086391CC28893A7A00161532 /* ExpDateView.swift */ = {isa = PBXFileReference; lastKnownFileType = sourcecode.swift; path = ExpDateView.swift; sourceTree = "<group>"; };
		086391CE2889433600161532 /* AmountView.swift */ = {isa = PBXFileReference; lastKnownFileType = sourcecode.swift; path = AmountView.swift; sourceTree = "<group>"; };
		086391D02889440600161532 /* ProductGroupView.swift */ = {isa = PBXFileReference; lastKnownFileType = sourcecode.swift; path = ProductGroupView.swift; sourceTree = "<group>"; };
		086391D32889A4EB00161532 /* Enums.swift */ = {isa = PBXFileReference; lastKnownFileType = sourcecode.swift; path = Enums.swift; sourceTree = "<group>"; };
		08BA77112888954C00E62964 /* Ambar.app */ = {isa = PBXFileReference; explicitFileType = wrapper.application; includeInIndex = 0; path = Ambar.app; sourceTree = BUILT_PRODUCTS_DIR; };
		08BA77142888954C00E62964 /* AppDelegate.swift */ = {isa = PBXFileReference; lastKnownFileType = sourcecode.swift; path = AppDelegate.swift; sourceTree = "<group>"; };
		08BA77162888954C00E62964 /* SceneDelegate.swift */ = {isa = PBXFileReference; lastKnownFileType = sourcecode.swift; path = SceneDelegate.swift; sourceTree = "<group>"; };
		08BA77182888954C00E62964 /* ViewController.swift */ = {isa = PBXFileReference; lastKnownFileType = sourcecode.swift; path = ViewController.swift; sourceTree = "<group>"; };
		08BA771B2888954C00E62964 /* Base */ = {isa = PBXFileReference; lastKnownFileType = file.storyboard; name = Base; path = Base.lproj/Main.storyboard; sourceTree = "<group>"; };
		08BA771D2888954D00E62964 /* Assets.xcassets */ = {isa = PBXFileReference; lastKnownFileType = folder.assetcatalog; path = Assets.xcassets; sourceTree = "<group>"; };
		08BA77202888954D00E62964 /* Base */ = {isa = PBXFileReference; lastKnownFileType = file.storyboard; name = Base; path = Base.lproj/LaunchScreen.storyboard; sourceTree = "<group>"; };
		08BA77222888954D00E62964 /* Info.plist */ = {isa = PBXFileReference; lastKnownFileType = text.plist.xml; path = Info.plist; sourceTree = "<group>"; };
/* End PBXFileReference section */

/* Begin PBXFrameworksBuildPhase section */
		08BA770E2888954C00E62964 /* Frameworks */ = {
			isa = PBXFrameworksBuildPhase;
			buildActionMask = 2147483647;
			files = (
			);
			runOnlyForDeploymentPostprocessing = 0;
		};
/* End PBXFrameworksBuildPhase section */

/* Begin PBXGroup section */
		08338C60288896C70063F3EE /* Storyboards */ = {
			isa = PBXGroup;
			children = (
				08BA771A2888954C00E62964 /* Main.storyboard */,
				08338C5E288896C00063F3EE /* AddProduct.storyboard */,
				08338C61288896E50063F3EE /* Cellar.storyboard */,
				08338C642888970E0063F3EE /* Refrigerator.storyboard */,
			);
			path = Storyboards;
			sourceTree = "<group>";
		};
		08338C662888981A0063F3EE /* Views */ = {
			isa = PBXGroup;
			children = (
				086391CC28893A7A00161532 /* ExpDateView.swift */,
				086391CE2889433600161532 /* AmountView.swift */,
				086391D02889440600161532 /* ProductGroupView.swift */,
			);
			path = Views;
			sourceTree = "<group>";
		};
		08338C6728889D970063F3EE /* Controllers */ = {
			isa = PBXGroup;
			children = (
				08BA77182888954C00E62964 /* ViewController.swift */,
				08338C6828889DB40063F3EE /* AddProductController.swift */,
			);
			path = Controllers;
			sourceTree = "<group>";
		};
		086391D22889A4DA00161532 /* Resources */ = {
			isa = PBXGroup;
			children = (
				086391D32889A4EB00161532 /* Enums.swift */,
			);
			path = Resources;
			sourceTree = "<group>";
		};
		08BA77082888954C00E62964 = {
			isa = PBXGroup;
			children = (
				08BA77132888954C00E62964 /* Ambar */,
				08BA77122888954C00E62964 /* Products */,
			);
			sourceTree = "<group>";
		};
		08BA77122888954C00E62964 /* Products */ = {
			isa = PBXGroup;
			children = (
				08BA77112888954C00E62964 /* Ambar.app */,
			);
			name = Products;
			sourceTree = "<group>";
		};
		08BA77132888954C00E62964 /* Ambar */ = {
			isa = PBXGroup;
			children = (
				086391D22889A4DA00161532 /* Resources */,
				08338C6728889D970063F3EE /* Controllers */,
				08338C662888981A0063F3EE /* Views */,
				08338C60288896C70063F3EE /* Storyboards */,
				08BA77142888954C00E62964 /* AppDelegate.swift */,
				08BA77162888954C00E62964 /* SceneDelegate.swift */,
				08BA771D2888954D00E62964 /* Assets.xcassets */,
				08BA771F2888954D00E62964 /* LaunchScreen.storyboard */,
				08BA77222888954D00E62964 /* Info.plist */,
			);
			path = Ambar;
			sourceTree = "<group>";
		};
/* End PBXGroup section */

/* Begin PBXNativeTarget section */
		08BA77102888954C00E62964 /* Ambar */ = {
			isa = PBXNativeTarget;
			buildConfigurationList = 08BA77252888954D00E62964 /* Build configuration list for PBXNativeTarget "Ambar" */;
			buildPhases = (
				08BA770D2888954C00E62964 /* Sources */,
				08BA770E2888954C00E62964 /* Frameworks */,
				08BA770F2888954C00E62964 /* Resources */,
			);
			buildRules = (
			);
			dependencies = (
			);
			name = Ambar;
			productName = Ambar;
			productReference = 08BA77112888954C00E62964 /* Ambar.app */;
			productType = "com.apple.product-type.application";
		};
/* End PBXNativeTarget section */

/* Begin PBXProject section */
		08BA77092888954C00E62964 /* Project object */ = {
			isa = PBXProject;
			attributes = {
				BuildIndependentTargetsInParallel = 1;
				LastSwiftUpdateCheck = 1340;
				LastUpgradeCheck = 1340;
				TargetAttributes = {
					08BA77102888954C00E62964 = {
						CreatedOnToolsVersion = 13.4.1;
					};
				};
			};
			buildConfigurationList = 08BA770C2888954C00E62964 /* Build configuration list for PBXProject "Ambar" */;
			compatibilityVersion = "Xcode 13.0";
			developmentRegion = en;
			hasScannedForEncodings = 0;
			knownRegions = (
				en,
				Base,
			);
			mainGroup = 08BA77082888954C00E62964;
			productRefGroup = 08BA77122888954C00E62964 /* Products */;
			projectDirPath = "";
			projectRoot = "";
			targets = (
				08BA77102888954C00E62964 /* Ambar */,
			);
		};
/* End PBXProject section */

/* Begin PBXResourcesBuildPhase section */
		08BA770F2888954C00E62964 /* Resources */ = {
			isa = PBXResourcesBuildPhase;
			buildActionMask = 2147483647;
			files = (
				08BA77212888954D00E62964 /* LaunchScreen.storyboard in Resources */,
				08BA771E2888954D00E62964 /* Assets.xcassets in Resources */,
				08338C63288896E50063F3EE /* Cellar.storyboard in Resources */,
				08338C5F288896C00063F3EE /* AddProduct.storyboard in Resources */,
				08338C652888970E0063F3EE /* Refrigerator.storyboard in Resources */,
				08BA771C2888954C00E62964 /* Main.storyboard in Resources */,
			);
			runOnlyForDeploymentPostprocessing = 0;
		};
/* End PBXResourcesBuildPhase section */

/* Begin PBXSourcesBuildPhase section */
		08BA770D2888954C00E62964 /* Sources */ = {
			isa = PBXSourcesBuildPhase;
			buildActionMask = 2147483647;
			files = (
				08BA77192888954C00E62964 /* ViewController.swift in Sources */,
				086391D12889440600161532 /* ProductGroupView.swift in Sources */,
				08BA77152888954C00E62964 /* AppDelegate.swift in Sources */,
				086391CF2889433600161532 /* AmountView.swift in Sources */,
				086391CD28893A7A00161532 /* ExpDateView.swift in Sources */,
				08BA77172888954C00E62964 /* SceneDelegate.swift in Sources */,
				086391D42889A4EB00161532 /* Enums.swift in Sources */,
				08338C6928889DB40063F3EE /* AddProductController.swift in Sources */,
			);
			runOnlyForDeploymentPostprocessing = 0;
		};
/* End PBXSourcesBuildPhase section */

/* Begin PBXVariantGroup section */
		08338C61288896E50063F3EE /* Cellar.storyboard */ = {
			isa = PBXVariantGroup;
			children = (
				08338C62288896E50063F3EE /* Base */,
			);
			name = Cellar.storyboard;
			sourceTree = "<group>";
		};
		08BA771A2888954C00E62964 /* Main.storyboard */ = {
			isa = PBXVariantGroup;
			children = (
				08BA771B2888954C00E62964 /* Base */,
			);
			name = Main.storyboard;
			sourceTree = "<group>";
		};
		08BA771F2888954D00E62964 /* LaunchScreen.storyboard */ = {
			isa = PBXVariantGroup;
			children = (
				08BA77202888954D00E62964 /* Base */,
			);
			name = LaunchScreen.storyboard;
			sourceTree = "<group>";
		};
/* End PBXVariantGroup section */

/* Begin XCBuildConfiguration section */
		08BA77232888954D00E62964 /* Debug */ = {
			isa = XCBuildConfiguration;
			buildSettings = {
				ALWAYS_SEARCH_USER_PATHS = NO;
				CLANG_ANALYZER_NONNULL = YES;
				CLANG_ANALYZER_NUMBER_OBJECT_CONVERSION = YES_AGGRESSIVE;
				CLANG_CXX_LANGUAGE_STANDARD = "gnu++17";
				CLANG_ENABLE_MODULES = YES;
				CLANG_ENABLE_OBJC_ARC = YES;
				CLANG_ENABLE_OBJC_WEAK = YES;
				CLANG_WARN_BLOCK_CAPTURE_AUTORELEASING = YES;
				CLANG_WARN_BOOL_CONVERSION = YES;
				CLANG_WARN_COMMA = YES;
				CLANG_WARN_CONSTANT_CONVERSION = YES;
				CLANG_WARN_DEPRECATED_OBJC_IMPLEMENTATIONS = YES;
				CLANG_WARN_DIRECT_OBJC_ISA_USAGE = YES_ERROR;
				CLANG_WARN_DOCUMENTATION_COMMENTS = YES;
				CLANG_WARN_EMPTY_BODY = YES;
				CLANG_WARN_ENUM_CONVERSION = YES;
				CLANG_WARN_INFINITE_RECURSION = YES;
				CLANG_WARN_INT_CONVERSION = YES;
				CLANG_WARN_NON_LITERAL_NULL_CONVERSION = YES;
				CLANG_WARN_OBJC_IMPLICIT_RETAIN_SELF = YES;
				CLANG_WARN_OBJC_LITERAL_CONVERSION = YES;
				CLANG_WARN_OBJC_ROOT_CLASS = YES_ERROR;
				CLANG_WARN_QUOTED_INCLUDE_IN_FRAMEWORK_HEADER = YES;
				CLANG_WARN_RANGE_LOOP_ANALYSIS = YES;
				CLANG_WARN_STRICT_PROTOTYPES = YES;
				CLANG_WARN_SUSPICIOUS_MOVE = YES;
				CLANG_WARN_UNGUARDED_AVAILABILITY = YES_AGGRESSIVE;
				CLANG_WARN_UNREACHABLE_CODE = YES;
				CLANG_WARN__DUPLICATE_METHOD_MATCH = YES;
				COPY_PHASE_STRIP = NO;
				DEBUG_INFORMATION_FORMAT = dwarf;
				ENABLE_STRICT_OBJC_MSGSEND = YES;
				ENABLE_TESTABILITY = YES;
				GCC_C_LANGUAGE_STANDARD = gnu11;
				GCC_DYNAMIC_NO_PIC = NO;
				GCC_NO_COMMON_BLOCKS = YES;
				GCC_OPTIMIZATION_LEVEL = 0;
				GCC_PREPROCESSOR_DEFINITIONS = (
					"DEBUG=1",
					"$(inherited)",
				);
				GCC_WARN_64_TO_32_BIT_CONVERSION = YES;
				GCC_WARN_ABOUT_RETURN_TYPE = YES_ERROR;
				GCC_WARN_UNDECLARED_SELECTOR = YES;
				GCC_WARN_UNINITIALIZED_AUTOS = YES_AGGRESSIVE;
				GCC_WARN_UNUSED_FUNCTION = YES;
				GCC_WARN_UNUSED_VARIABLE = YES;
				IPHONEOS_DEPLOYMENT_TARGET = 15.5;
				MTL_ENABLE_DEBUG_INFO = INCLUDE_SOURCE;
				MTL_FAST_MATH = YES;
				ONLY_ACTIVE_ARCH = YES;
				SDKROOT = iphoneos;
				SWIFT_ACTIVE_COMPILATION_CONDITIONS = DEBUG;
				SWIFT_OPTIMIZATION_LEVEL = "-Onone";
			};
			name = Debug;
		};
		08BA77242888954D00E62964 /* Release */ = {
			isa = XCBuildConfiguration;
			buildSettings = {
				ALWAYS_SEARCH_USER_PATHS = NO;
				CLANG_ANALYZER_NONNULL = YES;
				CLANG_ANALYZER_NUMBER_OBJECT_CONVERSION = YES_AGGRESSIVE;
				CLANG_CXX_LANGUAGE_STANDARD = "gnu++17";
				CLANG_ENABLE_MODULES = YES;
				CLANG_ENABLE_OBJC_ARC = YES;
				CLANG_ENABLE_OBJC_WEAK = YES;
				CLANG_WARN_BLOCK_CAPTURE_AUTORELEASING = YES;
				CLANG_WARN_BOOL_CONVERSION = YES;
				CLANG_WARN_COMMA = YES;
				CLANG_WARN_CONSTANT_CONVERSION = YES;
				CLANG_WARN_DEPRECATED_OBJC_IMPLEMENTATIONS = YES;
				CLANG_WARN_DIRECT_OBJC_ISA_USAGE = YES_ERROR;
				CLANG_WARN_DOCUMENTATION_COMMENTS = YES;
				CLANG_WARN_EMPTY_BODY = YES;
				CLANG_WARN_ENUM_CONVERSION = YES;
				CLANG_WARN_INFINITE_RECURSION = YES;
				CLANG_WARN_INT_CONVERSION = YES;
				CLANG_WARN_NON_LITERAL_NULL_CONVERSION = YES;
				CLANG_WARN_OBJC_IMPLICIT_RETAIN_SELF = YES;
				CLANG_WARN_OBJC_LITERAL_CONVERSION = YES;
				CLANG_WARN_OBJC_ROOT_CLASS = YES_ERROR;
				CLANG_WARN_QUOTED_INCLUDE_IN_FRAMEWORK_HEADER = YES;
				CLANG_WARN_RANGE_LOOP_ANALYSIS = YES;
				CLANG_WARN_STRICT_PROTOTYPES = YES;
				CLANG_WARN_SUSPICIOUS_MOVE = YES;
				CLANG_WARN_UNGUARDED_AVAILABILITY = YES_AGGRESSIVE;
				CLANG_WARN_UNREACHABLE_CODE = YES;
				CLANG_WARN__DUPLICATE_METHOD_MATCH = YES;
				COPY_PHASE_STRIP = NO;
				DEBUG_INFORMATION_FORMAT = "dwarf-with-dsym";
				ENABLE_NS_ASSERTIONS = NO;
				ENABLE_STRICT_OBJC_MSGSEND = YES;
				GCC_C_LANGUAGE_STANDARD = gnu11;
				GCC_NO_COMMON_BLOCKS = YES;
				GCC_WARN_64_TO_32_BIT_CONVERSION = YES;
				GCC_WARN_ABOUT_RETURN_TYPE = YES_ERROR;
				GCC_WARN_UNDECLARED_SELECTOR = YES;
				GCC_WARN_UNINITIALIZED_AUTOS = YES_AGGRESSIVE;
				GCC_WARN_UNUSED_FUNCTION = YES;
				GCC_WARN_UNUSED_VARIABLE = YES;
				IPHONEOS_DEPLOYMENT_TARGET = 15.5;
				MTL_ENABLE_DEBUG_INFO = NO;
				MTL_FAST_MATH = YES;
				SDKROOT = iphoneos;
				SWIFT_COMPILATION_MODE = wholemodule;
				SWIFT_OPTIMIZATION_LEVEL = "-O";
				VALIDATE_PRODUCT = YES;
			};
			name = Release;
		};
		08BA77262888954D00E62964 /* Debug */ = {
			isa = XCBuildConfiguration;
			buildSettings = {
				ASSETCATALOG_COMPILER_APPICON_NAME = AppIcon;
				ASSETCATALOG_COMPILER_GLOBAL_ACCENT_COLOR_NAME = AccentColor;
				CODE_SIGN_STYLE = Automatic;
				CURRENT_PROJECT_VERSION = 1;
				DEVELOPMENT_TEAM = HRD7AXL786;
				GENERATE_INFOPLIST_FILE = YES;
				INFOPLIST_FILE = Ambar/Info.plist;
				INFOPLIST_KEY_UIApplicationSupportsIndirectInputEvents = YES;
				INFOPLIST_KEY_UILaunchStoryboardName = LaunchScreen;
				INFOPLIST_KEY_UIMainStoryboardFile = Main;
				INFOPLIST_KEY_UISupportedInterfaceOrientations_iPad = "UIInterfaceOrientationPortrait UIInterfaceOrientationPortraitUpsideDown UIInterfaceOrientationLandscapeLeft UIInterfaceOrientationLandscapeRight";
				INFOPLIST_KEY_UISupportedInterfaceOrientations_iPhone = "UIInterfaceOrientationPortrait UIInterfaceOrientationLandscapeLeft UIInterfaceOrientationLandscapeRight";
				LD_RUNPATH_SEARCH_PATHS = (
					"$(inherited)",
					"@executable_path/Frameworks",
				);
				MARKETING_VERSION = 1.0;
				PRODUCT_BUNDLE_IDENTIFIER = com.yucedagemre.Ambar;
				PRODUCT_NAME = "$(TARGET_NAME)";
				SWIFT_EMIT_LOC_STRINGS = YES;
				SWIFT_VERSION = 5.0;
				TARGETED_DEVICE_FAMILY = "1,2";
			};
			name = Debug;
		};
		08BA77272888954D00E62964 /* Release */ = {
			isa = XCBuildConfiguration;
			buildSettings = {
				ASSETCATALOG_COMPILER_APPICON_NAME = AppIcon;
				ASSETCATALOG_COMPILER_GLOBAL_ACCENT_COLOR_NAME = AccentColor;
				CODE_SIGN_STYLE = Automatic;
				CURRENT_PROJECT_VERSION = 1;
				DEVELOPMENT_TEAM = HRD7AXL786;
				GENERATE_INFOPLIST_FILE = YES;
				INFOPLIST_FILE = Ambar/Info.plist;
				INFOPLIST_KEY_UIApplicationSupportsIndirectInputEvents = YES;
				INFOPLIST_KEY_UILaunchStoryboardName = LaunchScreen;
				INFOPLIST_KEY_UIMainStoryboardFile = Main;
				INFOPLIST_KEY_UISupportedInterfaceOrientations_iPad = "UIInterfaceOrientationPortrait UIInterfaceOrientationPortraitUpsideDown UIInterfaceOrientationLandscapeLeft UIInterfaceOrientationLandscapeRight";
				INFOPLIST_KEY_UISupportedInterfaceOrientations_iPhone = "UIInterfaceOrientationPortrait UIInterfaceOrientationLandscapeLeft UIInterfaceOrientationLandscapeRight";
				LD_RUNPATH_SEARCH_PATHS = (
					"$(inherited)",
					"@executable_path/Frameworks",
				);
				MARKETING_VERSION = 1.0;
				PRODUCT_BUNDLE_IDENTIFIER = com.yucedagemre.Ambar;
				PRODUCT_NAME = "$(TARGET_NAME)";
				SWIFT_EMIT_LOC_STRINGS = YES;
				SWIFT_VERSION = 5.0;
				TARGETED_DEVICE_FAMILY = "1,2";
			};
			name = Release;
		};
/* End XCBuildConfiguration section */

/* Begin XCConfigurationList section */
		08BA770C2888954C00E62964 /* Build configuration list for PBXProject "Ambar" */ = {
			isa = XCConfigurationList;
			buildConfigurations = (
				08BA77232888954D00E62964 /* Debug */,
				08BA77242888954D00E62964 /* Release */,
			);
			defaultConfigurationIsVisible = 0;
			defaultConfigurationName = Release;
		};
		08BA77252888954D00E62964 /* Build configuration list for PBXNativeTarget "Ambar" */ = {
			isa = XCConfigurationList;
			buildConfigurations = (
				08BA77262888954D00E62964 /* Debug */,
				08BA77272888954D00E62964 /* Release */,
			);
			defaultConfigurationIsVisible = 0;
			defaultConfigurationName = Release;
		};
/* End XCConfigurationList section */
	};
	rootObject = 08BA77092888954C00E62964 /* Project object */;
}
